
Microsoft Visual Studio Solution File, Format Version 12.00
# Visual Studio Version 17
VisualStudioVersion = 17.1.32210.238
MinimumVisualStudioVersion = 10.0.40219.1
Project("{888888A0-9F3D-457C-B088-3A5042F75D52}") = "Open-Closed Principle", "Open-Closed Principle.pyproj", "{5E446713-87D1-4626-9F22-B329CD663DAE}"
EndProject
Global
	GlobalSection(SolutionConfigurationPlatforms) = preSolution
		Debug|Any CPU = Debug|Any CPU
		Release|Any CPU = Release|Any CPU
	EndGlobalSection
	GlobalSection(ProjectConfigurationPlatforms) = postSolution
		{5E446713-87D1-4626-9F22-B329CD663DAE}.Debug|Any CPU.ActiveCfg = Debug|Any CPU
		{5E446713-87D1-4626-9F22-B329CD663DAE}.Release|Any CPU.ActiveCfg = Release|Any CPU
	EndGlobalSection
	GlobalSection(SolutionProperties) = preSolution
		HideSolutionNode = FALSE
	EndGlobalSection
	GlobalSection(ExtensibilityGlobals) = postSolution
		SolutionGuid = {3E6F38C3-7075-4CC5-BA78-40774C6C0BE6}
	EndGlobalSection
EndGlobal
